
Microsoft Visual Studio Solution File, Format Version 12.00
# Visual Studio Version 17
VisualStudioVersion = 17.0.31903.59
MinimumVisualStudioVersion = 10.0.40219.1
Project("{FAE04EC0-301F-11D3-BF4B-00C04F79EFBC}") = "Inventory", "Inventory.csproj", "{E23F6A19-4C7D-482B-9F90-3D65C1A8A177}"
EndProject
Global
	GlobalSection(SolutionConfigurationPlatforms) = preSolution
		Debug|Any CPU = Debug|Any CPU
		Release|Any CPU = Release|Any CPU
	EndGlobalSection
	GlobalSection(ProjectConfigurationPlatforms) = postSolution
		{E23F6A19-4C7D-482B-9F90-3D65C1A8A177}.Debug|Any CPU.ActiveCfg = Debug|Any CPU
		{E23F6A19-4C7D-482B-9F90-3D65C1A8A177}.Debug|Any CPU.Build.0 = Debug|Any CPU
		{E23F6A19-4C7D-482B-9F90-3D65C1A8A177}.Release|Any CPU.ActiveCfg = Release|Any CPU
		{E23F6A19-4C7D-482B-9F90-3D65C1A8A177}.Release|Any CPU.Build.0 = Release|Any CPU
	EndGlobalSection
	GlobalSection(SolutionProperties) = preSolution
		HideSolutionNode = FALSE
	EndGlobalSection
	GlobalSection(ExtensibilityGlobals) = postSolution
		SolutionGuid = {F83D2CBA-1A5F-4E92-BCF3-7D6E8A5C90B1}
	EndGlobalSection
EndGlobal
