
Microsoft Visual Studio Solution File, Format Version 12.00
# Visual Studio Version 17
VisualStudioVersion = 17.0.31903.59
MinimumVisualStudioVersion = 10.0.40219.1
Project("{FAE04EC0-301F-11D3-BF4B-00C04F79EFBC}") = "Startup", "Startup.csproj", "{131DF921-4D19-4CDB-A6E0-784447653E7B}"
EndProject
Global
	GlobalSection(SolutionConfigurationPlatforms) = preSolution
		Debug|Any CPU = Debug|Any CPU
		Release|Any CPU = Release|Any CPU
	EndGlobalSection
	GlobalSection(ProjectConfigurationPlatforms) = postSolution
		{131DF921-4D19-4CDB-A6E0-784447653E7B}.Debug|Any CPU.ActiveCfg = Debug|Any CPU
		{131DF921-4D19-4CDB-A6E0-784447653E7B}.Debug|Any CPU.Build.0 = Debug|Any CPU
		{131DF921-4D19-4CDB-A6E0-784447653E7B}.Release|Any CPU.ActiveCfg = Release|Any CPU
		{131DF921-4D19-4CDB-A6E0-784447653E7B}.Release|Any CPU.Build.0 = Release|Any CPU
	EndGlobalSection
	GlobalSection(SolutionProperties) = preSolution
		HideSolutionNode = FALSE
	EndGlobalSection
	GlobalSection(ExtensibilityGlobals) = postSolution
		SolutionGuid = {B5BCA874-C6CA-458A-BB5F-31E09A1D56F3}
	EndGlobalSection
EndGlobal
