Microsoft Visual Studio Solution File, Format Version 12.00
# Visual Studio Version 17
VisualStudioVersion = 17.0.31903.59
MinimumVisualStudioVersion = 10.0.40219.1
Project("{FAE04EC0-301F-11D3-BF4B-00C04F79EFBC}") = "Platform", "Platform.csproj", "{ACCC1BBB-2740-490D-BEBA-CBF027A57B4B}"
EndProject
Global
	GlobalSection(SolutionConfigurationPlatforms) = preSolution
		Debug|Any CPU = Debug|Any CPU
		Release|Any CPU = Release|Any CPU
	EndGlobalSection
	GlobalSection(ProjectConfigurationPlatforms) = postSolution
		{ACCC1BBB-2740-490D-BEBA-CBF027A57B4B}.Debug|Any CPU.ActiveCfg = Debug|Any CPU
		{ACCC1BBB-2740-490D-BEBA-CBF027A57B4B}.Debug|Any CPU.Build.0 = Debug|Any CPU
		{ACCC1BBB-2740-490D-BEBA-CBF027A57B4B}.Release|Any CPU.ActiveCfg = Release|Any CPU
		{ACCC1BBB-2740-490D-BEBA-CBF027A57B4B}.Release|Any CPU.Build.0 = Release|Any CPU
	EndGlobalSection
	GlobalSection(SolutionProperties) = preSolution
		HideSolutionNode = FALSE
	EndGlobalSection
	GlobalSection(ExtensibilityGlobals) = postSolution
		SolutionGuid = {2C64A535-DF9A-4522-80B8-D05DA1300D86}
	EndGlobalSection
EndGlobal